
Microsoft Visual Studio Solution File, Format Version 12.00
# Visual Studio 15
VisualStudioVersion = 15.0.27703.2035
MinimumVisualStudioVersion = 10.0.40219.1
Project("{FAE04EC0-301F-11D3-BF4B-00C04F79EFBC}") = "CodeFirstUtility", "CodeFirstUtility\CodeFirstUtility.csproj", "{A10838B7-8DE8-4E97-B8D8-33499C1D71B4}"
EndProject
Global
	GlobalSection(SolutionConfigurationPlatforms) = preSolution
		Debug|Any CPU = Debug|Any CPU
		Release|Any CPU = Release|Any CPU
	EndGlobalSection
	GlobalSection(ProjectConfigurationPlatforms) = postSolution
		{A10838B7-8DE8-4E97-B8D8-33499C1D71B4}.Debug|Any CPU.ActiveCfg = Debug|Any CPU
		{A10838B7-8DE8-4E97-B8D8-33499C1D71B4}.Debug|Any CPU.Build.0 = Debug|Any CPU
		{A10838B7-8DE8-4E97-B8D8-33499C1D71B4}.Release|Any CPU.ActiveCfg = Release|Any CPU
		{A10838B7-8DE8-4E97-B8D8-33499C1D71B4}.Release|Any CPU.Build.0 = Release|Any CPU
	EndGlobalSection
	GlobalSection(SolutionProperties) = preSolution
		HideSolutionNode = FALSE
	EndGlobalSection
	GlobalSection(ExtensibilityGlobals) = postSolution
		SolutionGuid = {DF01573E-A603-4CB2-B54D-BBF2F6A57B81}
	EndGlobalSection
EndGlobal
